
Microsoft Visual Studio Solution File, Format Version 12.00
# Visual Studio Version 17
VisualStudioVersion = 17.2.32630.192
MinimumVisualStudioVersion = 10.0.40219.1
Project("{FAE04EC0-301F-11D3-BF4B-00C04F79EFBC}") = "BOT_IT_V1", "BOT_IT_V1\BOT_IT_V1.csproj", "{3904C67F-E0B5-426A-A0FF-BB17D5EA753D}"
EndProject
Project("{54435603-DBB4-11D2-8724-00A0C9A8B90C}") = "Setup", "Setup\Setup.vdproj", "{B6D95879-4E75-4491-B9CC-CB9E10095A7E}"
EndProject
Global
	GlobalSection(SolutionConfigurationPlatforms) = preSolution
		Debug|Any CPU = Debug|Any CPU
		Release|Any CPU = Release|Any CPU
	EndGlobalSection
	GlobalSection(ProjectConfigurationPlatforms) = postSolution
		{3904C67F-E0B5-426A-A0FF-BB17D5EA753D}.Debug|Any CPU.ActiveCfg = Debug|Any CPU
		{3904C67F-E0B5-426A-A0FF-BB17D5EA753D}.Debug|Any CPU.Build.0 = Debug|Any CPU
		{3904C67F-E0B5-426A-A0FF-BB17D5EA753D}.Release|Any CPU.ActiveCfg = Release|Any CPU
		{3904C67F-E0B5-426A-A0FF-BB17D5EA753D}.Release|Any CPU.Build.0 = Release|Any CPU
		{B6D95879-4E75-4491-B9CC-CB9E10095A7E}.Debug|Any CPU.ActiveCfg = Debug
		{B6D95879-4E75-4491-B9CC-CB9E10095A7E}.Release|Any CPU.ActiveCfg = Release
	EndGlobalSection
	GlobalSection(SolutionProperties) = preSolution
		HideSolutionNode = FALSE
	EndGlobalSection
	GlobalSection(ExtensibilityGlobals) = postSolution
		SolutionGuid = {CDFCA948-0A0C-49E2-9E72-11E3638974B4}
	EndGlobalSection
EndGlobal
